Microsoft Visual Studio Solution File, Format Version 12.00
# Visual Studio Version 17
VisualStudioVersion = 17.5.2.0
MinimumVisualStudioVersion = 10.0.40219.1
Project("{FAE04EC0-301F-11D3-BF4B-00C04F79EFBC}") = "DaprAcaStarter", "DaprAcaStarter.csproj", "{9B6CA40B-1416-BF2D-6174-1C384EEABB12}"
EndProject
Global
	GlobalSection(SolutionConfigurationPlatforms) = preSolution
		Debug|Any CPU = Debug|Any CPU
		Release|Any CPU = Release|Any CPU
	EndGlobalSection
	GlobalSection(ProjectConfigurationPlatforms) = postSolution
		{9B6CA40B-1416-BF2D-6174-1C384EEABB12}.Debug|Any CPU.ActiveCfg = Debug|Any CPU
		{9B6CA40B-1416-BF2D-6174-1C384EEABB12}.Debug|Any CPU.Build.0 = Debug|Any CPU
		{9B6CA40B-1416-BF2D-6174-1C384EEABB12}.Release|Any CPU.ActiveCfg = Release|Any CPU
		{9B6CA40B-1416-BF2D-6174-1C384EEABB12}.Release|Any CPU.Build.0 = Release|Any CPU
	EndGlobalSection
	GlobalSection(SolutionProperties) = preSolution
		HideSolutionNode = FALSE
	EndGlobalSection
	GlobalSection(ExtensibilityGlobals) = postSolution
		SolutionGuid = {E01AE204-C630-4B93-898C-57ED1D7B3FF6}
	EndGlobalSection
EndGlobal
